goki.dev/cam v0.9.30 h1:jsozEruNd36iPGyR8IpQayeuu5/4VW6Orw98rYuoItE=
goki.dev/cam v0.9.30/go.mod h1:shXJfCKqoNOl82otoXzTH7GxyNQcnp/2+Q+tYQPOXU0=
goki.dev/enums v0.9.32 h1:PxOf5ZfrdmO887YnARl6xdPjB3JPUREKWPOLYWF1eJc=
goki.dev/enums v0.9.32/go.mod h1:LY28X2e9VVLMHYDHfze+T2bIuaWVR7VYmF5DVEKDEzk=
goki.dev/mat32/v2 v2.0.0-dev0.0.8 h1:/+YxLyOAC7WKsxa/bWUR75JaLmuivlOGlTyucR3zoO0=
goki.dev/mat32/v2 v2.0.0-dev0.0.8/go.mod h1:BvGUlTT1doWw8xk8UZ9InNitaYq5V5kQJlwA+vo0/DU=
golang.org/x/image v0.13.0 h1:3cge/F/QTkNLauhf2QoE9zp+7sr+ZcL4HnoZmdwg9sg=
golang.org/x/image v0.13.0/go.mod h1:6mmbMOeV28HuMTgA6OSRkdXKYw/t5W9Uwn2Yv1r3Yxk=
