goki.dev/cam v0.9.46 h1:FwqL0SjwR5mBESzOi4FHN9/HRhbiDPmvD75EcGVPmL0=
goki.dev/cam v0.9.46/go.mod h1:CI53lzIdarlFDHwvCzGipC3SAAWnBGe+ktKMAB40kMI=
goki.dev/enums v0.9.52 h1:q5BYXyJoYZqrLbBdP3NQSzcmedy2yQ331cWu4Xs4zr4=
goki.dev/enums v0.9.52/go.mod h1:T8vLSgJQAkTP0WdPa0aZSS/yMYJHrqPKafqYwQTfWAU=
goki.dev/glop v0.1.8 h1:nB4JctMmBJZzzp216bK/SDZoJ01IBMRFoIJPSkvGJa8=
goki.dev/glop v0.1.8/go.mod h1:Q9TPQIlJ5LL38UITJonRUEmEbPPTHWOJED+xD63VmIg=
goki.dev/grows v0.3.26 h1:V8TD16F26o2kZ7ZbsEUNV2kVUu/0K9c/kE802NLx/YM=
goki.dev/grows v0.3.26/go.mod h1:ylQmt2FBWtSmJJqbcb9FGXZd2tlFx3stYs8bOw3UjFk=
goki.dev/mat32/v2 v2.0.0-dev0.0.24 h1:RY+aG3OmbRiNls8X7kGD+kkLWRukmEZRgCE8CDjpNYQ=
goki.dev/mat32/v2 v2.0.0-dev0.0.24/go.mod h1:C76M7oLT638VCRfgqaTJ8M4fhz+TeahxvODHEXdYDzw=
golang.org/x/image v0.14.0 h1:tNgSxAFe3jC4uYqvZdTr84SZoM1KfwdC9SKIFrLjFn4=
golang.org/x/image v0.14.0/go.mod h1:HUYqC05R2ZcZ3ejNQsIHQDQiwWM4JBqmm6MKANTp4LE=
